
Microsoft Visual Studio Solution File, Format Version 12.00
# Visual Studio Version 16
VisualStudioVersion = 16.0.32901.82
MinimumVisualStudioVersion = 10.0.40219.1
Project("{FAE04EC0-301F-11D3-BF4B-00C04F79EFBC}") = "IS-1-20-PetrushinDA-U", "IS-1-20-PetrushinDA-U\IS-1-20-PetrushinDA-U.csproj", "{43557EEC-00A0-4452-9306-AE6272624DDB}"
EndProject
Project("{FAE04EC0-301F-11D3-BF4B-00C04F79EFBC}") = "ConnectDB", "ConnectDB\ConnectDB.csproj", "{F1DF1046-A37C-4E83-BCD6-F47506A32720}"
EndProject
Global
	GlobalSection(SolutionConfigurationPlatforms) = preSolution
		Debug|Any CPU = Debug|Any CPU
		Release|Any CPU = Release|Any CPU
	EndGlobalSection
	GlobalSection(ProjectConfigurationPlatforms) = postSolution
		{43557EEC-00A0-4452-9306-AE6272624DDB}.Debug|Any CPU.ActiveCfg = Debug|Any CPU
		{43557EEC-00A0-4452-9306-AE6272624DDB}.Debug|Any CPU.Build.0 = Debug|Any CPU
		{43557EEC-00A0-4452-9306-AE6272624DDB}.Release|Any CPU.ActiveCfg = Release|Any CPU
		{43557EEC-00A0-4452-9306-AE6272624DDB}.Release|Any CPU.Build.0 = Release|Any CPU
		{F1DF1046-A37C-4E83-BCD6-F47506A32720}.Debug|Any CPU.ActiveCfg = Debug|Any CPU
		{F1DF1046-A37C-4E83-BCD6-F47506A32720}.Debug|Any CPU.Build.0 = Debug|Any CPU
		{F1DF1046-A37C-4E83-BCD6-F47506A32720}.Release|Any CPU.ActiveCfg = Release|Any CPU
		{F1DF1046-A37C-4E83-BCD6-F47506A32720}.Release|Any CPU.Build.0 = Release|Any CPU
	EndGlobalSection
	GlobalSection(SolutionProperties) = preSolution
		HideSolutionNode = FALSE
	EndGlobalSection
	GlobalSection(ExtensibilityGlobals) = postSolution
		SolutionGuid = {854089A7-8283-4913-9808-76166DB88180}
	EndGlobalSection
EndGlobal
